
Microsoft Visual Studio Solution File, Format Version 12.00
# Visual Studio 15
VisualStudioVersion = 15.0.28010.2050
MinimumVisualStudioVersion = 10.0.40219.1
Project("{FAE04EC0-301F-11D3-BF4B-00C04F79EFBC}") = "yazlab3x", "yazlab3x\yazlab3x.csproj", "{A1318B78-C0CC-49F4-A0B0-32E3215790DE}"
EndProject
Global
	GlobalSection(SolutionConfigurationPlatforms) = preSolution
		Debug|Any CPU = Debug|Any CPU
		Release|Any CPU = Release|Any CPU
	EndGlobalSection
	GlobalSection(ProjectConfigurationPlatforms) = postSolution
		{A1318B78-C0CC-49F4-A0B0-32E3215790DE}.Debug|Any CPU.ActiveCfg = Debug|Any CPU
		{A1318B78-C0CC-49F4-A0B0-32E3215790DE}.Debug|Any CPU.Build.0 = Debug|Any CPU
		{A1318B78-C0CC-49F4-A0B0-32E3215790DE}.Release|Any CPU.ActiveCfg = Release|Any CPU
		{A1318B78-C0CC-49F4-A0B0-32E3215790DE}.Release|Any CPU.Build.0 = Release|Any CPU
	EndGlobalSection
	GlobalSection(SolutionProperties) = preSolution
		HideSolutionNode = FALSE
	EndGlobalSection
	GlobalSection(ExtensibilityGlobals) = postSolution
		SolutionGuid = {3B536FD9-88F8-48E6-A72E-DD9FB4716B8F}
	EndGlobalSection
EndGlobal
